
Microsoft Visual Studio Solution File, Format Version 12.00
# Visual Studio Version 16
VisualStudioVersion = 16.0.33328.57
MinimumVisualStudioVersion = 10.0.40219.1
Project("{FAE04EC0-301F-11D3-BF4B-00C04F79EFBC}") = "WebApi-Back", "WebApi-Back.csproj", "{FF2DB4F4-2AE6-4FBC-8D31-00DA9ED1E2D4}"
EndProject
Global
	GlobalSection(SolutionConfigurationPlatforms) = preSolution
		Debug|Any CPU = Debug|Any CPU
		Release|Any CPU = Release|Any CPU
	EndGlobalSection
	GlobalSection(ProjectConfigurationPlatforms) = postSolution
		{FF2DB4F4-2AE6-4FBC-8D31-00DA9ED1E2D4}.Debug|Any CPU.ActiveCfg = Debug|Any CPU
		{FF2DB4F4-2AE6-4FBC-8D31-00DA9ED1E2D4}.Debug|Any CPU.Build.0 = Debug|Any CPU
		{FF2DB4F4-2AE6-4FBC-8D31-00DA9ED1E2D4}.Release|Any CPU.ActiveCfg = Release|Any CPU
		{FF2DB4F4-2AE6-4FBC-8D31-00DA9ED1E2D4}.Release|Any CPU.Build.0 = Release|Any CPU
	EndGlobalSection
	GlobalSection(SolutionProperties) = preSolution
		HideSolutionNode = FALSE
	EndGlobalSection
	GlobalSection(ExtensibilityGlobals) = postSolution
		SolutionGuid = {9F199645-68CB-4272-BDD1-7E4317FC842B}
	EndGlobalSection
EndGlobal
