
Microsoft Visual Studio Solution File, Format Version 12.00
# Visual Studio Version 16
VisualStudioVersion = 16.0.33027.164
MinimumVisualStudioVersion = 10.0.40219.1
Project("{FAE04EC0-301F-11D3-BF4B-00C04F79EFBC}") = "WebFormsApp1mvc", "WebFormsApp1mvc.csproj", "{1416673B-F656-4DCF-A1E3-31E484AA04E2}"
EndProject
Project("{FAE04EC0-301F-11D3-BF4B-00C04F79EFBC}") = "WebFormsApp1mvc.Tests", "..\WebFormsApp1mvc.Tests\WebFormsApp1mvc.Tests.csproj", "{4027C4DA-44DF-4355-93C6-0EBBDD170114}"
EndProject
Global
	GlobalSection(SolutionConfigurationPlatforms) = preSolution
		Debug|Any CPU = Debug|Any CPU
		Release|Any CPU = Release|Any CPU
	EndGlobalSection
	GlobalSection(ProjectConfigurationPlatforms) = postSolution
		{1416673B-F656-4DCF-A1E3-31E484AA04E2}.Debug|Any CPU.ActiveCfg = Debug|Any CPU
		{1416673B-F656-4DCF-A1E3-31E484AA04E2}.Debug|Any CPU.Build.0 = Debug|Any CPU
		{1416673B-F656-4DCF-A1E3-31E484AA04E2}.Release|Any CPU.ActiveCfg = Release|Any CPU
		{1416673B-F656-4DCF-A1E3-31E484AA04E2}.Release|Any CPU.Build.0 = Release|Any CPU
		{4027C4DA-44DF-4355-93C6-0EBBDD170114}.Debug|Any CPU.ActiveCfg = Debug|Any CPU
		{4027C4DA-44DF-4355-93C6-0EBBDD170114}.Debug|Any CPU.Build.0 = Debug|Any CPU
		{4027C4DA-44DF-4355-93C6-0EBBDD170114}.Release|Any CPU.ActiveCfg = Release|Any CPU
		{4027C4DA-44DF-4355-93C6-0EBBDD170114}.Release|Any CPU.Build.0 = Release|Any CPU
	EndGlobalSection
	GlobalSection(SolutionProperties) = preSolution
		HideSolutionNode = FALSE
	EndGlobalSection
	GlobalSection(ExtensibilityGlobals) = postSolution
		SolutionGuid = {88FC6A77-40C5-4DC2-BEBF-2EB09D2F44EF}
	EndGlobalSection
EndGlobal
